
Microsoft Visual Studio Solution File, Format Version 12.00
# Visual Studio 15
VisualStudioVersion = 15.0.27130.2010
MinimumVisualStudioVersion = 10.0.40219.1
Project("{D954291E-2A0B-460D-934E-DC6B0785DB48}") = "PhantasmaApp", "PhantasmaApp\PhantasmaApp\PhantasmaApp.shproj", "{A182B560-9780-409B-9DF1-FEEA807CD222}"
EndProject
Project("{FAE04EC0-301F-11D3-BF4B-00C04F79EFBC}") = "PhantasmaApp.Android", "PhantasmaApp\PhantasmaApp.Android\PhantasmaApp.Android.csproj", "{EBBF68CE-76F7-4F90-B0CC-1893799D0CD1}"
EndProject
Project("{FAE04EC0-301F-11D3-BF4B-00C04F79EFBC}") = "PhantasmaApp.iOS", "PhantasmaApp\PhantasmaApp.iOS\PhantasmaApp.iOS.csproj", "{DD87D03D-A275-4C88-BC33-9692B0FB9E6C}"
EndProject
Project("{FAE04EC0-301F-11D3-BF4B-00C04F79EFBC}") = "PhantasmaApp.UWP", "PhantasmaApp\PhantasmaApp.UWP\PhantasmaApp.UWP.csproj", "{1AFF9C8F-BA76-4838-A4CB-7DF43160E684}"
EndProject
Project("{FAE04EC0-301F-11D3-BF4B-00C04F79EFBC}") = "PhantasmaContract", "PhantasmaContract\PhantasmaContract.csproj", "{51B16AEE-AC99-437A-825B-021A5428C9E3}"
EndProject
Project("{FAE04EC0-301F-11D3-BF4B-00C04F79EFBC}") = "PhantasmaGateway", "PhantasmaGateway\PhantasmaGateway.csproj", "{5F20137B-7544-44EC-9F5C-64CB2790254C}"
EndProject
Project("{FAE04EC0-301F-11D3-BF4B-00C04F79EFBC}") = "PhantasmaSite", "PhantasmaSite\PhantasmaSite.csproj", "{F1E81BE0-79D0-4A3B-8902-FC61A9FBD3CC}"
EndProject
Project("{FAE04EC0-301F-11D3-BF4B-00C04F79EFBC}") = "neo-lux", "..\neo-lux\neo-lux\neo-lux.csproj", "{B3AAA0D3-304E-4408-A052-E3E8A8FA2006}"
EndProject
Project("{9A19103F-16F7-4668-BE54-9A1E7A4F7556}") = "SynkServer", "..\..\C#\synk-server\SynkServer\SynkServer.csproj", "{15B0E423-7194-45F4-A0A0-DADEF6C292A3}"
EndProject
Project("{9A19103F-16F7-4668-BE54-9A1E7A4F7556}") = "PhantasmaLib", "PhantasmaLib\PhantasmaLib.csproj", "{7D0B3904-11A6-446C-B684-5EE145DA95B0}"
EndProject
Global
	GlobalSection(SharedMSBuildProjectFiles) = preSolution
		PhantasmaApp\PhantasmaApp\PhantasmaApp.projitems*{1aff9c8f-ba76-4838-a4cb-7df43160e684}*SharedItemsImports = 4
		PhantasmaApp\PhantasmaApp\PhantasmaApp.projitems*{a182b560-9780-409b-9df1-feea807cd222}*SharedItemsImports = 13
		PhantasmaApp\PhantasmaApp\PhantasmaApp.projitems*{dd87d03d-a275-4c88-bc33-9692b0fb9e6c}*SharedItemsImports = 4
		PhantasmaApp\PhantasmaApp\PhantasmaApp.projitems*{ebbf68ce-76f7-4f90-b0cc-1893799d0cd1}*SharedItemsImports = 4
	EndGlobalSection
	GlobalSection(SolutionConfigurationPlatforms) = preSolution
		Debug|Any CPU = Debug|Any CPU
		Debug|ARM = Debug|ARM
		Debug|iPhone = Debug|iPhone
		Debug|iPhoneSimulator = Debug|iPhoneSimulator
		Debug|x64 = Debug|x64
		Debug|x86 = Debug|x86
		Release|Any CPU = Release|Any CPU
		Release|ARM = Release|ARM
		Release|iPhone = Release|iPhone
		Release|iPhoneSimulator = Release|iPhoneSimulator
		Release|x64 = Release|x64
		Release|x86 = Release|x86
	EndGlobalSection
	GlobalSection(ProjectConfigurationPlatforms) = postSolution
		{EBBF68CE-76F7-4F90-B0CC-1893799D0CD1}.Debug|Any CPU.ActiveCfg = Debug|Any CPU
		{EBBF68CE-76F7-4F90-B0CC-1893799D0CD1}.Debug|Any CPU.Build.0 = Debug|Any CPU
		{EBBF68CE-76F7-4F90-B0CC-1893799D0CD1}.Debug|Any CPU.Deploy.0 = Debug|Any CPU
		{EBBF68CE-76F7-4F90-B0CC-1893799D0CD1}.Debug|ARM.ActiveCfg = Debug|Any CPU
		{EBBF68CE-76F7-4F90-B0CC-1893799D0CD1}.Debug|ARM.Build.0 = Debug|Any CPU
		{EBBF68CE-76F7-4F90-B0CC-1893799D0CD1}.Debug|ARM.Deploy.0 = Debug|Any CPU
		{EBBF68CE-76F7-4F90-B0CC-1893799D0CD1}.Debug|iPhone.ActiveCfg = Debug|Any CPU
		{EBBF68CE-76F7-4F90-B0CC-1893799D0CD1}.Debug|iPhone.Build.0 = Debug|Any CPU
		{EBBF68CE-76F7-4F90-B0CC-1893799D0CD1}.Debug|iPhone.Deploy.0 = Debug|Any CPU
		{EBBF68CE-76F7-4F90-B0CC-1893799D0CD1}.Debug|iPhoneSimulator.ActiveCfg = Debug|Any CPU
		{EBBF68CE-76F7-4F90-B0CC-1893799D0CD1}.Debug|iPhoneSimulator.Build.0 = Debug|Any CPU
		{EBBF68CE-76F7-4F90-B0CC-1893799D0CD1}.Debug|iPhoneSimulator.Deploy.0 = Debug|Any CPU
		{EBBF68CE-76F7-4F90-B0CC-1893799D0CD1}.Debug|x64.ActiveCfg = Debug|Any CPU
		{EBBF68CE-76F7-4F90-B0CC-1893799D0CD1}.Debug|x64.Build.0 = Debug|Any CPU
		{EBBF68CE-76F7-4F90-B0CC-1893799D0CD1}.Debug|x64.Deploy.0 = Debug|Any CPU
		{EBBF68CE-76F7-4F90-B0CC-1893799D0CD1}.Debug|x86.ActiveCfg = Debug|Any CPU
		{EBBF68CE-76F7-4F90-B0CC-1893799D0CD1}.Debug|x86.Build.0 = Debug|Any CPU
		{EBBF68CE-76F7-4F90-B0CC-1893799D0CD1}.Debug|x86.Deploy.0 = Debug|Any CPU
		{EBBF68CE-76F7-4F90-B0CC-1893799D0CD1}.Release|Any CPU.ActiveCfg = Release|Any CPU
		{EBBF68CE-76F7-4F90-B0CC-1893799D0CD1}.Release|Any CPU.Build.0 = Release|Any CPU
		{EBBF68CE-76F7-4F90-B0CC-1893799D0CD1}.Release|Any CPU.Deploy.0 = Release|Any CPU
		{EBBF68CE-76F7-4F90-B0CC-1893799D0CD1}.Release|ARM.ActiveCfg = Release|Any CPU
		{EBBF68CE-76F7-4F90-B0CC-1893799D0CD1}.Release|ARM.Build.0 = Release|Any CPU
		{EBBF68CE-76F7-4F90-B0CC-1893799D0CD1}.Release|ARM.Deploy.0 = Release|Any CPU
		{EBBF68CE-76F7-4F90-B0CC-1893799D0CD1}.Release|iPhone.ActiveCfg = Release|Any CPU
		{EBBF68CE-76F7-4F90-B0CC-1893799D0CD1}.Release|iPhone.Build.0 = Release|Any CPU
		{EBBF68CE-76F7-4F90-B0CC-1893799D0CD1}.Release|iPhone.Deploy.0 = Release|Any CPU
		{EBBF68CE-76F7-4F90-B0CC-1893799D0CD1}.Release|iPhoneSimulator.ActiveCfg = Release|Any CPU
		{EBBF68CE-76F7-4F90-B0CC-1893799D0CD1}.Release|iPhoneSimulator.Build.0 = Release|Any CPU
		{EBBF68CE-76F7-4F90-B0CC-1893799D0CD1}.Release|iPhoneSimulator.Deploy.0 = Release|Any CPU
		{EBBF68CE-76F7-4F90-B0CC-1893799D0CD1}.Release|x64.ActiveCfg = Release|Any CPU
		{EBBF68CE-76F7-4F90-B0CC-1893799D0CD1}.Release|x64.Build.0 = Release|Any CPU
		{EBBF68CE-76F7-4F90-B0CC-1893799D0CD1}.Release|x64.Deploy.0 = Release|Any CPU
		{EBBF68CE-76F7-4F90-B0CC-1893799D0CD1}.Release|x86.ActiveCfg = Release|Any CPU
		{EBBF68CE-76F7-4F90-B0CC-1893799D0CD1}.Release|x86.Build.0 = Release|Any CPU
		{EBBF68CE-76F7-4F90-B0CC-1893799D0CD1}.Release|x86.Deploy.0 = Release|Any CPU
		{DD87D03D-A275-4C88-BC33-9692B0FB9E6C}.Debug|Any CPU.ActiveCfg = Debug|iPhone
		{DD87D03D-A275-4C88-BC33-9692B0FB9E6C}.Debug|ARM.ActiveCfg = Debug|iPhone
		{DD87D03D-A275-4C88-BC33-9692B0FB9E6C}.Debug|iPhone.ActiveCfg = Debug|iPhone
		{DD87D03D-A275-4C88-BC33-9692B0FB9E6C}.Debug|iPhone.Build.0 = Debug|iPhone
		{DD87D03D-A275-4C88-BC33-9692B0FB9E6C}.Debug|iPhoneSimulator.ActiveCfg = Debug|iPhoneSimulator
		{DD87D03D-A275-4C88-BC33-9692B0FB9E6C}.Debug|iPhoneSimulator.Build.0 = Debug|iPhoneSimulator
		{DD87D03D-A275-4C88-BC33-9692B0FB9E6C}.Debug|x64.ActiveCfg = Debug|iPhone
		{DD87D03D-A275-4C88-BC33-9692B0FB9E6C}.Debug|x86.ActiveCfg = Debug|iPhone
		{DD87D03D-A275-4C88-BC33-9692B0FB9E6C}.Release|Any CPU.ActiveCfg = Release|iPhone
		{DD87D03D-A275-4C88-BC33-9692B0FB9E6C}.Release|ARM.ActiveCfg = Release|iPhone
		{DD87D03D-A275-4C88-BC33-9692B0FB9E6C}.Release|iPhone.ActiveCfg = Release|iPhone
		{DD87D03D-A275-4C88-BC33-9692B0FB9E6C}.Release|iPhone.Build.0 = Release|iPhone
		{DD87D03D-A275-4C88-BC33-9692B0FB9E6C}.Release|iPhoneSimulator.ActiveCfg = Release|iPhoneSimulator
		{DD87D03D-A275-4C88-BC33-9692B0FB9E6C}.Release|iPhoneSimulator.Build.0 = Release|iPhoneSimulator
		{DD87D03D-A275-4C88-BC33-9692B0FB9E6C}.Release|x64.ActiveCfg = Release|iPhone
		{DD87D03D-A275-4C88-BC33-9692B0FB9E6C}.Release|x86.ActiveCfg = Release|iPhone
		{1AFF9C8F-BA76-4838-A4CB-7DF43160E684}.Debug|Any CPU.ActiveCfg = Debug|x86
		{1AFF9C8F-BA76-4838-A4CB-7DF43160E684}.Debug|ARM.ActiveCfg = Debug|ARM
		{1AFF9C8F-BA76-4838-A4CB-7DF43160E684}.Debug|ARM.Build.0 = Debug|ARM
		{1AFF9C8F-BA76-4838-A4CB-7DF43160E684}.Debug|ARM.Deploy.0 = Debug|ARM
		{1AFF9C8F-BA76-4838-A4CB-7DF43160E684}.Debug|iPhone.ActiveCfg = Debug|x86
		{1AFF9C8F-BA76-4838-A4CB-7DF43160E684}.Debug|iPhoneSimulator.ActiveCfg = Debug|x86
		{1AFF9C8F-BA76-4838-A4CB-7DF43160E684}.Debug|x64.ActiveCfg = Debug|x64
		{1AFF9C8F-BA76-4838-A4CB-7DF43160E684}.Debug|x64.Build.0 = Debug|x64
		{1AFF9C8F-BA76-4838-A4CB-7DF43160E684}.Debug|x64.Deploy.0 = Debug|x64
		{1AFF9C8F-BA76-4838-A4CB-7DF43160E684}.Debug|x86.ActiveCfg = Debug|x86
		{1AFF9C8F-BA76-4838-A4CB-7DF43160E684}.Debug|x86.Build.0 = Debug|x86
		{1AFF9C8F-BA76-4838-A4CB-7DF43160E684}.Debug|x86.Deploy.0 = Debug|x86
		{1AFF9C8F-BA76-4838-A4CB-7DF43160E684}.Release|Any CPU.ActiveCfg = Release|x86
		{1AFF9C8F-BA76-4838-A4CB-7DF43160E684}.Release|ARM.ActiveCfg = Release|ARM
		{1AFF9C8F-BA76-4838-A4CB-7DF43160E684}.Release|ARM.Build.0 = Release|ARM
		{1AFF9C8F-BA76-4838-A4CB-7DF43160E684}.Release|ARM.Deploy.0 = Release|ARM
		{1AFF9C8F-BA76-4838-A4CB-7DF43160E684}.Release|iPhone.ActiveCfg = Release|x86
		{1AFF9C8F-BA76-4838-A4CB-7DF43160E684}.Release|iPhoneSimulator.ActiveCfg = Release|x86
		{1AFF9C8F-BA76-4838-A4CB-7DF43160E684}.Release|x64.ActiveCfg = Release|x64
		{1AFF9C8F-BA76-4838-A4CB-7DF43160E684}.Release|x64.Build.0 = Release|x64
		{1AFF9C8F-BA76-4838-A4CB-7DF43160E684}.Release|x64.Deploy.0 = Release|x64
		{1AFF9C8F-BA76-4838-A4CB-7DF43160E684}.Release|x86.ActiveCfg = Release|x86
		{1AFF9C8F-BA76-4838-A4CB-7DF43160E684}.Release|x86.Build.0 = Release|x86
		{1AFF9C8F-BA76-4838-A4CB-7DF43160E684}.Release|x86.Deploy.0 = Release|x86
		{51B16AEE-AC99-437A-825B-021A5428C9E3}.Debug|Any CPU.ActiveCfg = Debug|Any CPU
		{51B16AEE-AC99-437A-825B-021A5428C9E3}.Debug|Any CPU.Build.0 = Debug|Any CPU
		{51B16AEE-AC99-437A-825B-021A5428C9E3}.Debug|ARM.ActiveCfg = Debug|Any CPU
		{51B16AEE-AC99-437A-825B-021A5428C9E3}.Debug|ARM.Build.0 = Debug|Any CPU
		{51B16AEE-AC99-437A-825B-021A5428C9E3}.Debug|iPhone.ActiveCfg = Debug|Any CPU
		{51B16AEE-AC99-437A-825B-021A5428C9E3}.Debug|iPhone.Build.0 = Debug|Any CPU
		{51B16AEE-AC99-437A-825B-021A5428C9E3}.Debug|iPhoneSimulator.ActiveCfg = Debug|Any CPU
		{51B16AEE-AC99-437A-825B-021A5428C9E3}.Debug|iPhoneSimulator.Build.0 = Debug|Any CPU
		{51B16AEE-AC99-437A-825B-021A5428C9E3}.Debug|x64.ActiveCfg = Debug|Any CPU
		{51B16AEE-AC99-437A-825B-021A5428C9E3}.Debug|x64.Build.0 = Debug|Any CPU
		{51B16AEE-AC99-437A-825B-021A5428C9E3}.Debug|x86.ActiveCfg = Debug|Any CPU
		{51B16AEE-AC99-437A-825B-021A5428C9E3}.Debug|x86.Build.0 = Debug|Any CPU
		{51B16AEE-AC99-437A-825B-021A5428C9E3}.Release|Any CPU.ActiveCfg = Release|Any CPU
		{51B16AEE-AC99-437A-825B-021A5428C9E3}.Release|Any CPU.Build.0 = Release|Any CPU
		{51B16AEE-AC99-437A-825B-021A5428C9E3}.Release|ARM.ActiveCfg = Release|Any CPU
		{51B16AEE-AC99-437A-825B-021A5428C9E3}.Release|ARM.Build.0 = Release|Any CPU
		{51B16AEE-AC99-437A-825B-021A5428C9E3}.Release|iPhone.ActiveCfg = Release|Any CPU
		{51B16AEE-AC99-437A-825B-021A5428C9E3}.Release|iPhone.Build.0 = Release|Any CPU
		{51B16AEE-AC99-437A-825B-021A5428C9E3}.Release|iPhoneSimulator.ActiveCfg = Release|Any CPU
		{51B16AEE-AC99-437A-825B-021A5428C9E3}.Release|iPhoneSimulator.Build.0 = Release|Any CPU
		{51B16AEE-AC99-437A-825B-021A5428C9E3}.Release|x64.ActiveCfg = Release|Any CPU
		{51B16AEE-AC99-437A-825B-021A5428C9E3}.Release|x64.Build.0 = Release|Any CPU
		{51B16AEE-AC99-437A-825B-021A5428C9E3}.Release|x86.ActiveCfg = Release|Any CPU
		{51B16AEE-AC99-437A-825B-021A5428C9E3}.Release|x86.Build.0 = Release|Any CPU
		{5F20137B-7544-44EC-9F5C-64CB2790254C}.Debug|Any CPU.ActiveCfg = Debug|Any CPU
		{5F20137B-7544-44EC-9F5C-64CB2790254C}.Debug|Any CPU.Build.0 = Debug|Any CPU
		{5F20137B-7544-44EC-9F5C-64CB2790254C}.Debug|ARM.ActiveCfg = Debug|Any CPU
		{5F20137B-7544-44EC-9F5C-64CB2790254C}.Debug|ARM.Build.0 = Debug|Any CPU
		{5F20137B-7544-44EC-9F5C-64CB2790254C}.Debug|iPhone.ActiveCfg = Debug|Any CPU
		{5F20137B-7544-44EC-9F5C-64CB2790254C}.Debug|iPhone.Build.0 = Debug|Any CPU
		{5F20137B-7544-44EC-9F5C-64CB2790254C}.Debug|iPhoneSimulator.ActiveCfg = Debug|Any CPU
		{5F20137B-7544-44EC-9F5C-64CB2790254C}.Debug|iPhoneSimulator.Build.0 = Debug|Any CPU
		{5F20137B-7544-44EC-9F5C-64CB2790254C}.Debug|x64.ActiveCfg = Debug|Any CPU
		{5F20137B-7544-44EC-9F5C-64CB2790254C}.Debug|x64.Build.0 = Debug|Any CPU
		{5F20137B-7544-44EC-9F5C-64CB2790254C}.Debug|x86.ActiveCfg = Debug|Any CPU
		{5F20137B-7544-44EC-9F5C-64CB2790254C}.Debug|x86.Build.0 = Debug|Any CPU
		{5F20137B-7544-44EC-9F5C-64CB2790254C}.Release|Any CPU.ActiveCfg = Release|Any CPU
		{5F20137B-7544-44EC-9F5C-64CB2790254C}.Release|Any CPU.Build.0 = Release|Any CPU
		{5F20137B-7544-44EC-9F5C-64CB2790254C}.Release|ARM.ActiveCfg = Release|Any CPU
		{5F20137B-7544-44EC-9F5C-64CB2790254C}.Release|ARM.Build.0 = Release|Any CPU
		{5F20137B-7544-44EC-9F5C-64CB2790254C}.Release|iPhone.ActiveCfg = Release|Any CPU
		{5F20137B-7544-44EC-9F5C-64CB2790254C}.Release|iPhone.Build.0 = Release|Any CPU
		{5F20137B-7544-44EC-9F5C-64CB2790254C}.Release|iPhoneSimulator.ActiveCfg = Release|Any CPU
		{5F20137B-7544-44EC-9F5C-64CB2790254C}.Release|iPhoneSimulator.Build.0 = Release|Any CPU
		{5F20137B-7544-44EC-9F5C-64CB2790254C}.Release|x64.ActiveCfg = Release|Any CPU
		{5F20137B-7544-44EC-9F5C-64CB2790254C}.Release|x64.Build.0 = Release|Any CPU
		{5F20137B-7544-44EC-9F5C-64CB2790254C}.Release|x86.ActiveCfg = Release|Any CPU
		{5F20137B-7544-44EC-9F5C-64CB2790254C}.Release|x86.Build.0 = Release|Any CPU
		{F1E81BE0-79D0-4A3B-8902-FC61A9FBD3CC}.Debug|Any CPU.ActiveCfg = Debug|Any CPU
		{F1E81BE0-79D0-4A3B-8902-FC61A9FBD3CC}.Debug|Any CPU.Build.0 = Debug|Any CPU
		{F1E81BE0-79D0-4A3B-8902-FC61A9FBD3CC}.Debug|ARM.ActiveCfg = Debug|Any CPU
		{F1E81BE0-79D0-4A3B-8902-FC61A9FBD3CC}.Debug|ARM.Build.0 = Debug|Any CPU
		{F1E81BE0-79D0-4A3B-8902-FC61A9FBD3CC}.Debug|iPhone.ActiveCfg = Debug|Any CPU
		{F1E81BE0-79D0-4A3B-8902-FC61A9FBD3CC}.Debug|iPhone.Build.0 = Debug|Any CPU
		{F1E81BE0-79D0-4A3B-8902-FC61A9FBD3CC}.Debug|iPhoneSimulator.ActiveCfg = Debug|Any CPU
		{F1E81BE0-79D0-4A3B-8902-FC61A9FBD3CC}.Debug|iPhoneSimulator.Build.0 = Debug|Any CPU
		{F1E81BE0-79D0-4A3B-8902-FC61A9FBD3CC}.Debug|x64.ActiveCfg = Debug|Any CPU
		{F1E81BE0-79D0-4A3B-8902-FC61A9FBD3CC}.Debug|x64.Build.0 = Debug|Any CPU
		{F1E81BE0-79D0-4A3B-8902-FC61A9FBD3CC}.Debug|x86.ActiveCfg = Debug|Any CPU
		{F1E81BE0-79D0-4A3B-8902-FC61A9FBD3CC}.Debug|x86.Build.0 = Debug|Any CPU
		{F1E81BE0-79D0-4A3B-8902-FC61A9FBD3CC}.Release|Any CPU.ActiveCfg = Release|Any CPU
		{F1E81BE0-79D0-4A3B-8902-FC61A9FBD3CC}.Release|Any CPU.Build.0 = Release|Any CPU
		{F1E81BE0-79D0-4A3B-8902-FC61A9FBD3CC}.Release|ARM.ActiveCfg = Release|Any CPU
		{F1E81BE0-79D0-4A3B-8902-FC61A9FBD3CC}.Release|ARM.Build.0 = Release|Any CPU
		{F1E81BE0-79D0-4A3B-8902-FC61A9FBD3CC}.Release|iPhone.ActiveCfg = Release|Any CPU
		{F1E81BE0-79D0-4A3B-8902-FC61A9FBD3CC}.Release|iPhone.Build.0 = Release|Any CPU
		{F1E81BE0-79D0-4A3B-8902-FC61A9FBD3CC}.Release|iPhoneSimulator.ActiveCfg = Release|Any CPU
		{F1E81BE0-79D0-4A3B-8902-FC61A9FBD3CC}.Release|iPhoneSimulator.Build.0 = Release|Any CPU
		{F1E81BE0-79D0-4A3B-8902-FC61A9FBD3CC}.Release|x64.ActiveCfg = Release|Any CPU
		{F1E81BE0-79D0-4A3B-8902-FC61A9FBD3CC}.Release|x64.Build.0 = Release|Any CPU
		{F1E81BE0-79D0-4A3B-8902-FC61A9FBD3CC}.Release|x86.ActiveCfg = Release|Any CPU
		{F1E81BE0-79D0-4A3B-8902-FC61A9FBD3CC}.Release|x86.Build.0 = Release|Any CPU
		{B3AAA0D3-304E-4408-A052-E3E8A8FA2006}.Debug|Any CPU.ActiveCfg = Debug|Any CPU
		{B3AAA0D3-304E-4408-A052-E3E8A8FA2006}.Debug|Any CPU.Build.0 = Debug|Any CPU
		{B3AAA0D3-304E-4408-A052-E3E8A8FA2006}.Debug|ARM.ActiveCfg = Debug|Any CPU
		{B3AAA0D3-304E-4408-A052-E3E8A8FA2006}.Debug|ARM.Build.0 = Debug|Any CPU
		{B3AAA0D3-304E-4408-A052-E3E8A8FA2006}.Debug|iPhone.ActiveCfg = Debug|Any CPU
		{B3AAA0D3-304E-4408-A052-E3E8A8FA2006}.Debug|iPhone.Build.0 = Debug|Any CPU
		{B3AAA0D3-304E-4408-A052-E3E8A8FA2006}.Debug|iPhoneSimulator.ActiveCfg = Debug|Any CPU
		{B3AAA0D3-304E-4408-A052-E3E8A8FA2006}.Debug|iPhoneSimulator.Build.0 = Debug|Any CPU
		{B3AAA0D3-304E-4408-A052-E3E8A8FA2006}.Debug|x64.ActiveCfg = Debug|Any CPU
		{B3AAA0D3-304E-4408-A052-E3E8A8FA2006}.Debug|x64.Build.0 = Debug|Any CPU
		{B3AAA0D3-304E-4408-A052-E3E8A8FA2006}.Debug|x86.ActiveCfg = Debug|Any CPU
		{B3AAA0D3-304E-4408-A052-E3E8A8FA2006}.Debug|x86.Build.0 = Debug|Any CPU
		{B3AAA0D3-304E-4408-A052-E3E8A8FA2006}.Release|Any CPU.ActiveCfg = Release|Any CPU
		{B3AAA0D3-304E-4408-A052-E3E8A8FA2006}.Release|Any CPU.Build.0 = Release|Any CPU
		{B3AAA0D3-304E-4408-A052-E3E8A8FA2006}.Release|ARM.ActiveCfg = Release|Any CPU
		{B3AAA0D3-304E-4408-A052-E3E8A8FA2006}.Release|ARM.Build.0 = Release|Any CPU
		{B3AAA0D3-304E-4408-A052-E3E8A8FA2006}.Release|iPhone.ActiveCfg = Release|Any CPU
		{B3AAA0D3-304E-4408-A052-E3E8A8FA2006}.Release|iPhone.Build.0 = Release|Any CPU
		{B3AAA0D3-304E-4408-A052-E3E8A8FA2006}.Release|iPhoneSimulator.ActiveCfg = Release|Any CPU
		{B3AAA0D3-304E-4408-A052-E3E8A8FA2006}.Release|iPhoneSimulator.Build.0 = Release|Any CPU
		{B3AAA0D3-304E-4408-A052-E3E8A8FA2006}.Release|x64.ActiveCfg = Release|Any CPU
		{B3AAA0D3-304E-4408-A052-E3E8A8FA2006}.Release|x64.Build.0 = Release|Any CPU
		{B3AAA0D3-304E-4408-A052-E3E8A8FA2006}.Release|x86.ActiveCfg = Release|Any CPU
		{B3AAA0D3-304E-4408-A052-E3E8A8FA2006}.Release|x86.Build.0 = Release|Any CPU
		{15B0E423-7194-45F4-A0A0-DADEF6C292A3}.Debug|Any CPU.ActiveCfg = Debug|Any CPU
		{15B0E423-7194-45F4-A0A0-DADEF6C292A3}.Debug|Any CPU.Build.0 = Debug|Any CPU
		{15B0E423-7194-45F4-A0A0-DADEF6C292A3}.Debug|ARM.ActiveCfg = Debug|Any CPU
		{15B0E423-7194-45F4-A0A0-DADEF6C292A3}.Debug|ARM.Build.0 = Debug|Any CPU
		{15B0E423-7194-45F4-A0A0-DADEF6C292A3}.Debug|iPhone.ActiveCfg = Debug|Any CPU
		{15B0E423-7194-45F4-A0A0-DADEF6C292A3}.Debug|iPhone.Build.0 = Debug|Any CPU
		{15B0E423-7194-45F4-A0A0-DADEF6C292A3}.Debug|iPhoneSimulator.ActiveCfg = Debug|Any CPU
		{15B0E423-7194-45F4-A0A0-DADEF6C292A3}.Debug|iPhoneSimulator.Build.0 = Debug|Any CPU
		{15B0E423-7194-45F4-A0A0-DADEF6C292A3}.Debug|x64.ActiveCfg = Debug|Any CPU
		{15B0E423-7194-45F4-A0A0-DADEF6C292A3}.Debug|x64.Build.0 = Debug|Any CPU
		{15B0E423-7194-45F4-A0A0-DADEF6C292A3}.Debug|x86.ActiveCfg = Debug|Any CPU
		{15B0E423-7194-45F4-A0A0-DADEF6C292A3}.Debug|x86.Build.0 = Debug|Any CPU
		{15B0E423-7194-45F4-A0A0-DADEF6C292A3}.Release|Any CPU.ActiveCfg = Release|Any CPU
		{15B0E423-7194-45F4-A0A0-DADEF6C292A3}.Release|Any CPU.Build.0 = Release|Any CPU
		{15B0E423-7194-45F4-A0A0-DADEF6C292A3}.Release|ARM.ActiveCfg = Release|Any CPU
		{15B0E423-7194-45F4-A0A0-DADEF6C292A3}.Release|ARM.Build.0 = Release|Any CPU
		{15B0E423-7194-45F4-A0A0-DADEF6C292A3}.Release|iPhone.ActiveCfg = Release|Any CPU
		{15B0E423-7194-45F4-A0A0-DADEF6C292A3}.Release|iPhone.Build.0 = Release|Any CPU
		{15B0E423-7194-45F4-A0A0-DADEF6C292A3}.Release|iPhoneSimulator.ActiveCfg = Release|Any CPU
		{15B0E423-7194-45F4-A0A0-DADEF6C292A3}.Release|iPhoneSimulator.Build.0 = Release|Any CPU
		{15B0E423-7194-45F4-A0A0-DADEF6C292A3}.Release|x64.ActiveCfg = Release|Any CPU
		{15B0E423-7194-45F4-A0A0-DADEF6C292A3}.Release|x64.Build.0 = Release|Any CPU
		{15B0E423-7194-45F4-A0A0-DADEF6C292A3}.Release|x86.ActiveCfg = Release|Any CPU
		{15B0E423-7194-45F4-A0A0-DADEF6C292A3}.Release|x86.Build.0 = Release|Any CPU
		{7D0B3904-11A6-446C-B684-5EE145DA95B0}.Debug|Any CPU.ActiveCfg = Debug|Any CPU
		{7D0B3904-11A6-446C-B684-5EE145DA95B0}.Debug|Any CPU.Build.0 = Debug|Any CPU
		{7D0B3904-11A6-446C-B684-5EE145DA95B0}.Debug|ARM.ActiveCfg = Debug|Any CPU
		{7D0B3904-11A6-446C-B684-5EE145DA95B0}.Debug|ARM.Build.0 = Debug|Any CPU
		{7D0B3904-11A6-446C-B684-5EE145DA95B0}.Debug|iPhone.ActiveCfg = Debug|Any CPU
		{7D0B3904-11A6-446C-B684-5EE145DA95B0}.Debug|iPhone.Build.0 = Debug|Any CPU
		{7D0B3904-11A6-446C-B684-5EE145DA95B0}.Debug|iPhoneSimulator.ActiveCfg = Debug|Any CPU
		{7D0B3904-11A6-446C-B684-5EE145DA95B0}.Debug|iPhoneSimulator.Build.0 = Debug|Any CPU
		{7D0B3904-11A6-446C-B684-5EE145DA95B0}.Debug|x64.ActiveCfg = Debug|Any CPU
		{7D0B3904-11A6-446C-B684-5EE145DA95B0}.Debug|x64.Build.0 = Debug|Any CPU
		{7D0B3904-11A6-446C-B684-5EE145DA95B0}.Debug|x86.ActiveCfg = Debug|Any CPU
		{7D0B3904-11A6-446C-B684-5EE145DA95B0}.Debug|x86.Build.0 = Debug|Any CPU
		{7D0B3904-11A6-446C-B684-5EE145DA95B0}.Release|Any CPU.ActiveCfg = Release|Any CPU
		{7D0B3904-11A6-446C-B684-5EE145DA95B0}.Release|Any CPU.Build.0 = Release|Any CPU
		{7D0B3904-11A6-446C-B684-5EE145DA95B0}.Release|ARM.ActiveCfg = Release|Any CPU
		{7D0B3904-11A6-446C-B684-5EE145DA95B0}.Release|ARM.Build.0 = Release|Any CPU
		{7D0B3904-11A6-446C-B684-5EE145DA95B0}.Release|iPhone.ActiveCfg = Release|Any CPU
		{7D0B3904-11A6-446C-B684-5EE145DA95B0}.Release|iPhone.Build.0 = Release|Any CPU
		{7D0B3904-11A6-446C-B684-5EE145DA95B0}.Release|iPhoneSimulator.ActiveCfg = Release|Any CPU
		{7D0B3904-11A6-446C-B684-5EE145DA95B0}.Release|iPhoneSimulator.Build.0 = Release|Any CPU
		{7D0B3904-11A6-446C-B684-5EE145DA95B0}.Release|x64.ActiveCfg = Release|Any CPU
		{7D0B3904-11A6-446C-B684-5EE145DA95B0}.Release|x64.Build.0 = Release|Any CPU
		{7D0B3904-11A6-446C-B684-5EE145DA95B0}.Release|x86.ActiveCfg = Release|Any CPU
		{7D0B3904-11A6-446C-B684-5EE145DA95B0}.Release|x86.Build.0 = Release|Any CPU
	EndGlobalSection
	GlobalSection(SolutionProperties) = preSolution
		HideSolutionNode = FALSE
	EndGlobalSection
	GlobalSection(ExtensibilityGlobals) = postSolution
		SolutionGuid = {B5EF1EE2-BF1C-42F5-8E30-2A0C938DF5F9}
	EndGlobalSection
EndGlobal
